
Microsoft Visual Studio Solution File, Format Version 12.00
# Visual Studio Version 17
VisualStudioVersion = 17.0.31903.59
MinimumVisualStudioVersion = 10.0.40219.1
Project("{9A19103F-16F7-4668-BE54-9A1E7A4F7556}") = "Array02Produto", "Array02Produto\Array02Produto.csproj", "{8280E17E-792F-4A14-9724-B77F0901ACB2}"
EndProject
Project("{9A19103F-16F7-4668-BE54-9A1E7A4F7556}") = "Array01Altura", "Array01Altura\Array01Altura.csproj", "{B5CD816C-EA8C-440F-B2E8-FB670DE32637}"
EndProject
Project("{9A19103F-16F7-4668-BE54-9A1E7A4F7556}") = "Array03Quarto", "Array03\Array03Quarto.csproj", "{2AEAC74B-8242-44AE-8B1D-6ED6470B4D94}"
EndProject
Project("{9A19103F-16F7-4668-BE54-9A1E7A4F7556}") = "List01", "List01\List01.csproj", "{38735275-F851-429D-91D3-E37CE91CE122}"
EndProject
Project("{9A19103F-16F7-4668-BE54-9A1E7A4F7556}") = "List02Funcionario", "List02Funcionario\List02Funcionario.csproj", "{B4D4B3AC-6CEE-4E9F-999F-7AFDD3A59D68}"
EndProject
Project("{FAE04EC0-301F-11D3-BF4B-00C04F79EFBC}") = "Matriz01", "Matriz01\Matriz01.csproj", "{9DB1CCF3-8718-49E1-89F0-2EF572E767B7}"
EndProject
Global
	GlobalSection(SolutionConfigurationPlatforms) = preSolution
		Debug|Any CPU = Debug|Any CPU
		Release|Any CPU = Release|Any CPU
	EndGlobalSection
	GlobalSection(ProjectConfigurationPlatforms) = postSolution
		{8280E17E-792F-4A14-9724-B77F0901ACB2}.Debug|Any CPU.ActiveCfg = Debug|Any CPU
		{8280E17E-792F-4A14-9724-B77F0901ACB2}.Debug|Any CPU.Build.0 = Debug|Any CPU
		{8280E17E-792F-4A14-9724-B77F0901ACB2}.Release|Any CPU.ActiveCfg = Release|Any CPU
		{8280E17E-792F-4A14-9724-B77F0901ACB2}.Release|Any CPU.Build.0 = Release|Any CPU
		{B5CD816C-EA8C-440F-B2E8-FB670DE32637}.Debug|Any CPU.ActiveCfg = Debug|Any CPU
		{B5CD816C-EA8C-440F-B2E8-FB670DE32637}.Debug|Any CPU.Build.0 = Debug|Any CPU
		{B5CD816C-EA8C-440F-B2E8-FB670DE32637}.Release|Any CPU.ActiveCfg = Release|Any CPU
		{B5CD816C-EA8C-440F-B2E8-FB670DE32637}.Release|Any CPU.Build.0 = Release|Any CPU
		{2AEAC74B-8242-44AE-8B1D-6ED6470B4D94}.Debug|Any CPU.ActiveCfg = Debug|Any CPU
		{2AEAC74B-8242-44AE-8B1D-6ED6470B4D94}.Debug|Any CPU.Build.0 = Debug|Any CPU
		{2AEAC74B-8242-44AE-8B1D-6ED6470B4D94}.Release|Any CPU.ActiveCfg = Release|Any CPU
		{2AEAC74B-8242-44AE-8B1D-6ED6470B4D94}.Release|Any CPU.Build.0 = Release|Any CPU
		{38735275-F851-429D-91D3-E37CE91CE122}.Debug|Any CPU.ActiveCfg = Debug|Any CPU
		{38735275-F851-429D-91D3-E37CE91CE122}.Debug|Any CPU.Build.0 = Debug|Any CPU
		{38735275-F851-429D-91D3-E37CE91CE122}.Release|Any CPU.ActiveCfg = Release|Any CPU
		{38735275-F851-429D-91D3-E37CE91CE122}.Release|Any CPU.Build.0 = Release|Any CPU
		{B4D4B3AC-6CEE-4E9F-999F-7AFDD3A59D68}.Debug|Any CPU.ActiveCfg = Debug|Any CPU
		{B4D4B3AC-6CEE-4E9F-999F-7AFDD3A59D68}.Debug|Any CPU.Build.0 = Debug|Any CPU
		{B4D4B3AC-6CEE-4E9F-999F-7AFDD3A59D68}.Release|Any CPU.ActiveCfg = Release|Any CPU
		{B4D4B3AC-6CEE-4E9F-999F-7AFDD3A59D68}.Release|Any CPU.Build.0 = Release|Any CPU
		{9DB1CCF3-8718-49E1-89F0-2EF572E767B7}.Debug|Any CPU.ActiveCfg = Debug|Any CPU
		{9DB1CCF3-8718-49E1-89F0-2EF572E767B7}.Debug|Any CPU.Build.0 = Debug|Any CPU
		{9DB1CCF3-8718-49E1-89F0-2EF572E767B7}.Release|Any CPU.ActiveCfg = Release|Any CPU
		{9DB1CCF3-8718-49E1-89F0-2EF572E767B7}.Release|Any CPU.Build.0 = Release|Any CPU
	EndGlobalSection
	GlobalSection(SolutionProperties) = preSolution
		HideSolutionNode = FALSE
	EndGlobalSection
	GlobalSection(ExtensibilityGlobals) = postSolution
		SolutionGuid = {1D932916-5391-47C6-A5BB-B4DF930C857C}
	EndGlobalSection
EndGlobal
