
Microsoft Visual Studio Solution File, Format Version 12.00
# Visual Studio Version 17
VisualStudioVersion = 17.0.31903.59
MinimumVisualStudioVersion = 10.0.40219.1
Project("{9A19103F-16F7-4668-BE54-9A1E7A4F7556}") = "01Enum", "04Enum\01Enum.csproj", "{05E9364D-6CCF-4DC2-AA78-E5918870E5FF}"
EndProject
Project("{FAE04EC0-301F-11D3-BF4B-00C04F79EFBC}") = "02Worker", "02Worker\02Worker.csproj", "{0B368B06-3420-403E-8C10-CC1FE4EE000C}"
EndProject
Global
	GlobalSection(SolutionConfigurationPlatforms) = preSolution
		Debug|Any CPU = Debug|Any CPU
		Release|Any CPU = Release|Any CPU
	EndGlobalSection
	GlobalSection(ProjectConfigurationPlatforms) = postSolution
		{05E9364D-6CCF-4DC2-AA78-E5918870E5FF}.Debug|Any CPU.ActiveCfg = Debug|Any CPU
		{05E9364D-6CCF-4DC2-AA78-E5918870E5FF}.Debug|Any CPU.Build.0 = Debug|Any CPU
		{05E9364D-6CCF-4DC2-AA78-E5918870E5FF}.Release|Any CPU.ActiveCfg = Release|Any CPU
		{05E9364D-6CCF-4DC2-AA78-E5918870E5FF}.Release|Any CPU.Build.0 = Release|Any CPU
		{0B368B06-3420-403E-8C10-CC1FE4EE000C}.Debug|Any CPU.ActiveCfg = Debug|Any CPU
		{0B368B06-3420-403E-8C10-CC1FE4EE000C}.Debug|Any CPU.Build.0 = Debug|Any CPU
		{0B368B06-3420-403E-8C10-CC1FE4EE000C}.Release|Any CPU.ActiveCfg = Release|Any CPU
		{0B368B06-3420-403E-8C10-CC1FE4EE000C}.Release|Any CPU.Build.0 = Release|Any CPU
	EndGlobalSection
	GlobalSection(SolutionProperties) = preSolution
		HideSolutionNode = FALSE
	EndGlobalSection
	GlobalSection(ExtensibilityGlobals) = postSolution
		SolutionGuid = {920AFC18-CBFA-406C-B7C3-939BF45E9039}
	EndGlobalSection
EndGlobal
